
Microsoft Visual Studio Solution File, Format Version 12.00
# Visual Studio Version 17
VisualStudioVersion = 17.6.33717.318
MinimumVisualStudioVersion = 10.0.40219.1
Project("{9A19103F-16F7-4668-BE54-9A1E7A4F7556}") = "StatsDirectUI", "StatsDirectUI\StatsDirectUI.csproj", "{C73E1B83-A745-4592-92A0-40C5658D6D7C}"
EndProject
Project("{930C7802-8A8C-48F9-8165-68863BCCD9DD}") = "SDBootstrapper", "SDBootstrapper\SDBootstrapper.wixproj", "{E52FA35E-33B1-45D2-B004-CFC5CC7C7EF5}"
EndProject
Project("{930C7802-8A8C-48F9-8165-68863BCCD9DD}") = "SDInstaller-standalone-x64", "SDInstaller\SDInstaller-standalone-x64.wixproj", "{046BF937-0395-4A59-A4DF-D29314574F41}"
EndProject
Project("{2150E333-8FDC-42A3-9474-1A3956D46DE8}") = "Solution Items", "Solution Items", "{31E8F240-D05D-467C-845F-3632BA4EF190}"
	ProjectSection(SolutionItems) = preProject
		.editorconfig = .editorconfig
	EndProjectSection
EndProject
Global
	GlobalSection(SolutionConfigurationPlatforms) = preSolution
		Debug|Any CPU = Debug|Any CPU
		Debug|x64 = Debug|x64
		Debug|x86 = Debug|x86
		DebugWatchExceptions|Any CPU = DebugWatchExceptions|Any CPU
		DebugWatchExceptions|x64 = DebugWatchExceptions|x64
		DebugWatchExceptions|x86 = DebugWatchExceptions|x86
		Release|Any CPU = Release|Any CPU
		Release|x64 = Release|x64
		Release|x86 = Release|x86
		ReleaseWithSigning|Any CPU = ReleaseWithSigning|Any CPU
		ReleaseWithSigning|x64 = ReleaseWithSigning|x64
		ReleaseWithSigning|x86 = ReleaseWithSigning|x86
	EndGlobalSection
	GlobalSection(ProjectConfigurationPlatforms) = postSolution
		{C73E1B83-A745-4592-92A0-40C5658D6D7C}.Debug|Any CPU.ActiveCfg = Debug|Any CPU
		{C73E1B83-A745-4592-92A0-40C5658D6D7C}.Debug|Any CPU.Build.0 = Debug|Any CPU
		{C73E1B83-A745-4592-92A0-40C5658D6D7C}.Debug|x64.ActiveCfg = Debug|Any CPU
		{C73E1B83-A745-4592-92A0-40C5658D6D7C}.Debug|x64.Build.0 = Debug|Any CPU
		{C73E1B83-A745-4592-92A0-40C5658D6D7C}.Debug|x86.ActiveCfg = Debug|Any CPU
		{C73E1B83-A745-4592-92A0-40C5658D6D7C}.Debug|x86.Build.0 = Debug|Any CPU
		{C73E1B83-A745-4592-92A0-40C5658D6D7C}.DebugWatchExceptions|Any CPU.ActiveCfg = Debug|Any CPU
		{C73E1B83-A745-4592-92A0-40C5658D6D7C}.DebugWatchExceptions|Any CPU.Build.0 = Debug|Any CPU
		{C73E1B83-A745-4592-92A0-40C5658D6D7C}.DebugWatchExceptions|x64.ActiveCfg = Debug|Any CPU
		{C73E1B83-A745-4592-92A0-40C5658D6D7C}.DebugWatchExceptions|x64.Build.0 = Debug|Any CPU
		{C73E1B83-A745-4592-92A0-40C5658D6D7C}.DebugWatchExceptions|x86.ActiveCfg = Debug|Any CPU
		{C73E1B83-A745-4592-92A0-40C5658D6D7C}.DebugWatchExceptions|x86.Build.0 = Debug|Any CPU
		{C73E1B83-A745-4592-92A0-40C5658D6D7C}.Release|Any CPU.ActiveCfg = Release|Any CPU
		{C73E1B83-A745-4592-92A0-40C5658D6D7C}.Release|Any CPU.Build.0 = Release|Any CPU
		{C73E1B83-A745-4592-92A0-40C5658D6D7C}.Release|x64.ActiveCfg = Release|Any CPU
		{C73E1B83-A745-4592-92A0-40C5658D6D7C}.Release|x64.Build.0 = Release|Any CPU
		{C73E1B83-A745-4592-92A0-40C5658D6D7C}.Release|x86.ActiveCfg = Release|Any CPU
		{C73E1B83-A745-4592-92A0-40C5658D6D7C}.Release|x86.Build.0 = Release|Any CPU
		{C73E1B83-A745-4592-92A0-40C5658D6D7C}.ReleaseWithSigning|Any CPU.ActiveCfg = Release|Any CPU
		{C73E1B83-A745-4592-92A0-40C5658D6D7C}.ReleaseWithSigning|Any CPU.Build.0 = Release|Any CPU
		{C73E1B83-A745-4592-92A0-40C5658D6D7C}.ReleaseWithSigning|x64.ActiveCfg = Release|Any CPU
		{C73E1B83-A745-4592-92A0-40C5658D6D7C}.ReleaseWithSigning|x64.Build.0 = Release|Any CPU
		{C73E1B83-A745-4592-92A0-40C5658D6D7C}.ReleaseWithSigning|x86.ActiveCfg = Release|Any CPU
		{C73E1B83-A745-4592-92A0-40C5658D6D7C}.ReleaseWithSigning|x86.Build.0 = Release|Any CPU
		{E52FA35E-33B1-45D2-B004-CFC5CC7C7EF5}.Debug|Any CPU.ActiveCfg = Debug|x86
		{E52FA35E-33B1-45D2-B004-CFC5CC7C7EF5}.Debug|x64.ActiveCfg = Debug|x86
		{E52FA35E-33B1-45D2-B004-CFC5CC7C7EF5}.Debug|x86.ActiveCfg = Debug|x86
		{E52FA35E-33B1-45D2-B004-CFC5CC7C7EF5}.Debug|x86.Build.0 = Debug|x86
		{E52FA35E-33B1-45D2-B004-CFC5CC7C7EF5}.DebugWatchExceptions|Any CPU.ActiveCfg = Debug|x86
		{E52FA35E-33B1-45D2-B004-CFC5CC7C7EF5}.DebugWatchExceptions|x64.ActiveCfg = Debug|x86
		{E52FA35E-33B1-45D2-B004-CFC5CC7C7EF5}.DebugWatchExceptions|x86.ActiveCfg = Debug|x86
		{E52FA35E-33B1-45D2-B004-CFC5CC7C7EF5}.DebugWatchExceptions|x86.Build.0 = Debug|x86
		{E52FA35E-33B1-45D2-B004-CFC5CC7C7EF5}.Release|Any CPU.ActiveCfg = Release|x86
		{E52FA35E-33B1-45D2-B004-CFC5CC7C7EF5}.Release|Any CPU.Build.0 = Release|x86
		{E52FA35E-33B1-45D2-B004-CFC5CC7C7EF5}.Release|x64.ActiveCfg = Release|x86
		{E52FA35E-33B1-45D2-B004-CFC5CC7C7EF5}.Release|x86.ActiveCfg = Release|x86
		{E52FA35E-33B1-45D2-B004-CFC5CC7C7EF5}.Release|x86.Build.0 = Release|x86
		{E52FA35E-33B1-45D2-B004-CFC5CC7C7EF5}.ReleaseWithSigning|Any CPU.ActiveCfg = ReleaseWithSigning|x86
		{E52FA35E-33B1-45D2-B004-CFC5CC7C7EF5}.ReleaseWithSigning|Any CPU.Build.0 = ReleaseWithSigning|x86
		{E52FA35E-33B1-45D2-B004-CFC5CC7C7EF5}.ReleaseWithSigning|x64.ActiveCfg = Release|x86
		{E52FA35E-33B1-45D2-B004-CFC5CC7C7EF5}.ReleaseWithSigning|x86.ActiveCfg = Release|x86
		{E52FA35E-33B1-45D2-B004-CFC5CC7C7EF5}.ReleaseWithSigning|x86.Build.0 = Release|x86
		{046BF937-0395-4A59-A4DF-D29314574F41}.Debug|Any CPU.ActiveCfg = Debug|x64
		{046BF937-0395-4A59-A4DF-D29314574F41}.Debug|x64.ActiveCfg = Debug|x64
		{046BF937-0395-4A59-A4DF-D29314574F41}.Debug|x64.Build.0 = Debug|x64
		{046BF937-0395-4A59-A4DF-D29314574F41}.Debug|x86.ActiveCfg = Debug|x64
		{046BF937-0395-4A59-A4DF-D29314574F41}.DebugWatchExceptions|Any CPU.ActiveCfg = Debug|x64
		{046BF937-0395-4A59-A4DF-D29314574F41}.DebugWatchExceptions|x64.ActiveCfg = Debug|x64
		{046BF937-0395-4A59-A4DF-D29314574F41}.DebugWatchExceptions|x64.Build.0 = Debug|x64
		{046BF937-0395-4A59-A4DF-D29314574F41}.DebugWatchExceptions|x86.ActiveCfg = ReleaseWithSigning|x64
		{046BF937-0395-4A59-A4DF-D29314574F41}.DebugWatchExceptions|x86.Build.0 = ReleaseWithSigning|x64
		{046BF937-0395-4A59-A4DF-D29314574F41}.Release|Any CPU.ActiveCfg = Release|x64
		{046BF937-0395-4A59-A4DF-D29314574F41}.Release|Any CPU.Build.0 = Release|x64
		{046BF937-0395-4A59-A4DF-D29314574F41}.Release|x64.ActiveCfg = Release|x64
		{046BF937-0395-4A59-A4DF-D29314574F41}.Release|x64.Build.0 = Release|x64
		{046BF937-0395-4A59-A4DF-D29314574F41}.Release|x86.ActiveCfg = Release|x64
		{046BF937-0395-4A59-A4DF-D29314574F41}.ReleaseWithSigning|Any CPU.ActiveCfg = ReleaseWithSigning|x64
		{046BF937-0395-4A59-A4DF-D29314574F41}.ReleaseWithSigning|Any CPU.Build.0 = ReleaseWithSigning|x64
		{046BF937-0395-4A59-A4DF-D29314574F41}.ReleaseWithSigning|x64.ActiveCfg = ReleaseWithSigning|x64
		{046BF937-0395-4A59-A4DF-D29314574F41}.ReleaseWithSigning|x64.Build.0 = ReleaseWithSigning|x64
		{046BF937-0395-4A59-A4DF-D29314574F41}.ReleaseWithSigning|x86.ActiveCfg = ReleaseWithSigning|x64
	EndGlobalSection
	GlobalSection(SolutionProperties) = preSolution
		HideSolutionNode = FALSE
	EndGlobalSection
	GlobalSection(ExtensibilityGlobals) = postSolution
		SolutionGuid = {2FDBC1DF-95AE-4E49-BA6E-9D86691DEE8D}
	EndGlobalSection
EndGlobal
